
Microsoft Visual Studio Solution File, Format Version 12.00
# Visual Studio Version 16
VisualStudioVersion = 16.0.30503.244
MinimumVisualStudioVersion = 10.0.40219.1
Project("{9A19103F-16F7-4668-BE54-9A1E7A4F7556}") = "LocalSubwayServer", "LocalSubwayServer\LocalSubwayServer.csproj", "{047D30BC-AA66-4EE3-95A5-D8D19C751E7F}"
EndProject
Project("{9A19103F-16F7-4668-BE54-9A1E7A4F7556}") = "BlueBoxMoon.LocalSubway", "BlueBoxMoon.LocalSubway\BlueBoxMoon.LocalSubway.csproj", "{BE006988-0DDC-4DF4-A44E-4D0A83E8A74D}"
EndProject
Project("{FAE04EC0-301F-11D3-BF4B-00C04F79EFBC}") = "LocalSubway", "LocalSubway\LocalSubway.csproj", "{44C02771-3492-494C-8525-BECCE51FE70D}"
EndProject
Global
	GlobalSection(SolutionConfigurationPlatforms) = preSolution
		Debug|Any CPU = Debug|Any CPU
		Release|Any CPU = Release|Any CPU
	EndGlobalSection
	GlobalSection(ProjectConfigurationPlatforms) = postSolution
		{047D30BC-AA66-4EE3-95A5-D8D19C751E7F}.Debug|Any CPU.ActiveCfg = Debug|Any CPU
		{047D30BC-AA66-4EE3-95A5-D8D19C751E7F}.Debug|Any CPU.Build.0 = Debug|Any CPU
		{047D30BC-AA66-4EE3-95A5-D8D19C751E7F}.Release|Any CPU.ActiveCfg = Release|Any CPU
		{047D30BC-AA66-4EE3-95A5-D8D19C751E7F}.Release|Any CPU.Build.0 = Release|Any CPU
		{BE006988-0DDC-4DF4-A44E-4D0A83E8A74D}.Debug|Any CPU.ActiveCfg = Debug|Any CPU
		{BE006988-0DDC-4DF4-A44E-4D0A83E8A74D}.Debug|Any CPU.Build.0 = Debug|Any CPU
		{BE006988-0DDC-4DF4-A44E-4D0A83E8A74D}.Release|Any CPU.ActiveCfg = Release|Any CPU
		{BE006988-0DDC-4DF4-A44E-4D0A83E8A74D}.Release|Any CPU.Build.0 = Release|Any CPU
		{44C02771-3492-494C-8525-BECCE51FE70D}.Debug|Any CPU.ActiveCfg = Debug|Any CPU
		{44C02771-3492-494C-8525-BECCE51FE70D}.Debug|Any CPU.Build.0 = Debug|Any CPU
		{44C02771-3492-494C-8525-BECCE51FE70D}.Release|Any CPU.ActiveCfg = Release|Any CPU
		{44C02771-3492-494C-8525-BECCE51FE70D}.Release|Any CPU.Build.0 = Release|Any CPU
	EndGlobalSection
	GlobalSection(SolutionProperties) = preSolution
		HideSolutionNode = FALSE
	EndGlobalSection
	GlobalSection(ExtensibilityGlobals) = postSolution
		SolutionGuid = {D6F6624C-BEDD-4FE4-9709-6F6240612F20}
	EndGlobalSection
EndGlobal
